
Microsoft Visual Studio Solution File, Format Version 15.00
# Visual Studio 2017
Project("{FAE04EC0-301F-11D3-BF4B-00C04F79EFBC}") = "Service", "Service.csproj", "{2DC5CE27-EE68-4350-959A-0657DB4213AC}"
EndProject
Global
	GlobalSection(SolutionConfigurationPlatforms) = preSolution
		Debug|Any CPU = Debug|Any CPU
		Release|Any CPU = Release|Any CPU
	EndGlobalSection
	GlobalSection(ProjectConfigurationPlatforms) = postSolution
		{2DC5CE27-EE68-4350-959A-0657DB4213AC}.Debug|Any CPU.ActiveCfg = Debug|Any CPU
		{2DC5CE27-EE68-4350-959A-0657DB4213AC}.Debug|Any CPU.Build.0 = Debug|Any CPU
		{2DC5CE27-EE68-4350-959A-0657DB4213AC}.Release|Any CPU.ActiveCfg = Release|Any CPU
		{2DC5CE27-EE68-4350-959A-0657DB4213AC}.Release|Any CPU.Build.0 = Release|Any CPU
	EndGlobalSection
EndGlobal
